
Microsoft Visual Studio Solution File, Format Version 12.00
# Visual Studio Version 17
VisualStudioVersion = 17.11.35312.102
MinimumVisualStudioVersion = 10.0.40219.1
Project("{FAE04EC0-301F-11D3-BF4B-00C04F79EFBC}") = "Api", "Api\Api.csproj", "{492D7444-CE4D-4E1F-A92D-78E33FCA025D}"
EndProject
Project("{FAE04EC0-301F-11D3-BF4B-00C04F79EFBC}") = "Infrastructure", "Infrastructure\Infrastructure.csproj", "{F457CF96-3F02-4D8F-B159-4C530245228E}"
EndProject
Project("{FAE04EC0-301F-11D3-BF4B-00C04F79EFBC}") = "Application", "Application\Application.csproj", "{EB1CB3AF-BA67-48AF-B712-81958C8DB295}"
EndProject
Global
	GlobalSection(SolutionConfigurationPlatforms) = preSolution
		Debug|Any CPU = Debug|Any CPU
		Release|Any CPU = Release|Any CPU
	EndGlobalSection
	GlobalSection(ProjectConfigurationPlatforms) = postSolution
		{492D7444-CE4D-4E1F-A92D-78E33FCA025D}.Debug|Any CPU.ActiveCfg = Debug|Any CPU
		{492D7444-CE4D-4E1F-A92D-78E33FCA025D}.Debug|Any CPU.Build.0 = Debug|Any CPU
		{492D7444-CE4D-4E1F-A92D-78E33FCA025D}.Release|Any CPU.ActiveCfg = Release|Any CPU
		{492D7444-CE4D-4E1F-A92D-78E33FCA025D}.Release|Any CPU.Build.0 = Release|Any CPU
		{F457CF96-3F02-4D8F-B159-4C530245228E}.Debug|Any CPU.ActiveCfg = Debug|Any CPU
		{F457CF96-3F02-4D8F-B159-4C530245228E}.Debug|Any CPU.Build.0 = Debug|Any CPU
		{F457CF96-3F02-4D8F-B159-4C530245228E}.Release|Any CPU.ActiveCfg = Release|Any CPU
		{F457CF96-3F02-4D8F-B159-4C530245228E}.Release|Any CPU.Build.0 = Release|Any CPU
		{EB1CB3AF-BA67-48AF-B712-81958C8DB295}.Debug|Any CPU.ActiveCfg = Debug|Any CPU
		{EB1CB3AF-BA67-48AF-B712-81958C8DB295}.Debug|Any CPU.Build.0 = Debug|Any CPU
		{EB1CB3AF-BA67-48AF-B712-81958C8DB295}.Release|Any CPU.ActiveCfg = Release|Any CPU
		{EB1CB3AF-BA67-48AF-B712-81958C8DB295}.Release|Any CPU.Build.0 = Release|Any CPU
	EndGlobalSection
	GlobalSection(SolutionProperties) = preSolution
		HideSolutionNode = FALSE
	EndGlobalSection
	GlobalSection(ExtensibilityGlobals) = postSolution
		SolutionGuid = {6547E024-7598-4198-A51C-44B49092DFFC}
	EndGlobalSection
EndGlobal
